
Microsoft Visual Studio Solution File, Format Version 12.00
# Visual Studio Version 16
VisualStudioVersion = 16.0.30523.141
MinimumVisualStudioVersion = 10.0.40219.1
Project("{9A19103F-16F7-4668-BE54-9A1E7A4F7556}") = "IndexMultyBy5", "Arrays\IndexMultyBy5.csproj", "{89EDE509-C661-4369-BC7E-D17712F6D2BD}"
EndProject
Project("{FAE04EC0-301F-11D3-BF4B-00C04F79EFBC}") = "CompareArrays", "CompareArrays\CompareArrays.csproj", "{99B414BD-54C3-467A-8BAC-D2BAF42BCAD6}"
EndProject
Project("{FAE04EC0-301F-11D3-BF4B-00C04F79EFBC}") = "CompareTwoCharArrays", "CompareTwoCharArrays\CompareTwoCharArrays.csproj", "{BAFF0C5A-5ABB-4F34-8E37-45578B7D245A}"
EndProject
Project("{FAE04EC0-301F-11D3-BF4B-00C04F79EFBC}") = "LongestSequenceOfSameElements", "LongestSequenceOfSameElements\LongestSequenceOfSameElements.csproj", "{35B03EB2-4273-49F1-A90F-4123CFC12E43}"
EndProject
Global
	GlobalSection(SolutionConfigurationPlatforms) = preSolution
		Debug|Any CPU = Debug|Any CPU
		Release|Any CPU = Release|Any CPU
	EndGlobalSection
	GlobalSection(ProjectConfigurationPlatforms) = postSolution
		{89EDE509-C661-4369-BC7E-D17712F6D2BD}.Debug|Any CPU.ActiveCfg = Debug|Any CPU
		{89EDE509-C661-4369-BC7E-D17712F6D2BD}.Debug|Any CPU.Build.0 = Debug|Any CPU
		{89EDE509-C661-4369-BC7E-D17712F6D2BD}.Release|Any CPU.ActiveCfg = Release|Any CPU
		{89EDE509-C661-4369-BC7E-D17712F6D2BD}.Release|Any CPU.Build.0 = Release|Any CPU
		{99B414BD-54C3-467A-8BAC-D2BAF42BCAD6}.Debug|Any CPU.ActiveCfg = Debug|Any CPU
		{99B414BD-54C3-467A-8BAC-D2BAF42BCAD6}.Debug|Any CPU.Build.0 = Debug|Any CPU
		{99B414BD-54C3-467A-8BAC-D2BAF42BCAD6}.Release|Any CPU.ActiveCfg = Release|Any CPU
		{99B414BD-54C3-467A-8BAC-D2BAF42BCAD6}.Release|Any CPU.Build.0 = Release|Any CPU
		{BAFF0C5A-5ABB-4F34-8E37-45578B7D245A}.Debug|Any CPU.ActiveCfg = Debug|Any CPU
		{BAFF0C5A-5ABB-4F34-8E37-45578B7D245A}.Debug|Any CPU.Build.0 = Debug|Any CPU
		{BAFF0C5A-5ABB-4F34-8E37-45578B7D245A}.Release|Any CPU.ActiveCfg = Release|Any CPU
		{BAFF0C5A-5ABB-4F34-8E37-45578B7D245A}.Release|Any CPU.Build.0 = Release|Any CPU
		{35B03EB2-4273-49F1-A90F-4123CFC12E43}.Debug|Any CPU.ActiveCfg = Debug|Any CPU
		{35B03EB2-4273-49F1-A90F-4123CFC12E43}.Debug|Any CPU.Build.0 = Debug|Any CPU
		{35B03EB2-4273-49F1-A90F-4123CFC12E43}.Release|Any CPU.ActiveCfg = Release|Any CPU
		{35B03EB2-4273-49F1-A90F-4123CFC12E43}.Release|Any CPU.Build.0 = Release|Any CPU
	EndGlobalSection
	GlobalSection(SolutionProperties) = preSolution
		HideSolutionNode = FALSE
	EndGlobalSection
	GlobalSection(ExtensibilityGlobals) = postSolution
		SolutionGuid = {371B68C5-620D-4F4D-9F59-04CA5E2947FD}
	EndGlobalSection
EndGlobal
